
Microsoft Visual Studio Solution File, Format Version 12.00
# Visual Studio Version 16
VisualStudioVersion = 16.0.30907.101
MinimumVisualStudioVersion = 10.0.40219.1
Project("{FAE04EC0-301F-11D3-BF4B-00C04F79EFBC}") = "LearnCsharp", "LearnCsharp\LearnCsharp.csproj", "{C3B5DC40-4437-4CB8-9A55-5B883EAD6B50}"
EndProject
Global
	GlobalSection(SolutionConfigurationPlatforms) = preSolution
		Debug|Any CPU = Debug|Any CPU
		Release|Any CPU = Release|Any CPU
	EndGlobalSection
	GlobalSection(ProjectConfigurationPlatforms) = postSolution
		{C3B5DC40-4437-4CB8-9A55-5B883EAD6B50}.Debug|Any CPU.ActiveCfg = Debug|Any CPU
		{C3B5DC40-4437-4CB8-9A55-5B883EAD6B50}.Debug|Any CPU.Build.0 = Debug|Any CPU
		{C3B5DC40-4437-4CB8-9A55-5B883EAD6B50}.Release|Any CPU.ActiveCfg = Release|Any CPU
		{C3B5DC40-4437-4CB8-9A55-5B883EAD6B50}.Release|Any CPU.Build.0 = Release|Any CPU
	EndGlobalSection
	GlobalSection(SolutionProperties) = preSolution
		HideSolutionNode = FALSE
	EndGlobalSection
	GlobalSection(ExtensibilityGlobals) = postSolution
		SolutionGuid = {FC370E69-9777-4B73-B91E-3B2FBABF3DCA}
	EndGlobalSection
EndGlobal
